
Microsoft Visual Studio Solution File, Format Version 12.00
# Visual Studio Version 17
VisualStudioVersion = 17.14.36414.22
MinimumVisualStudioVersion = 10.0.40219.1
Project("{2150E333-8FDC-42A3-9474-1A3956D46DE8}") = "Task0", "Task0", "{02EA681E-C7D8-13C7-8484-4AC65E1B71E8}"
EndProject
Project("{FAE04EC0-301F-11D3-BF4B-00C04F79EFBC}") = "Tyuiu.BukinTK.Sprint2.Task0.V4", "Tyuiu.BukinTK.Sprint2.Task0.V4\Tyuiu.BukinTK.Sprint2.Task0.V4.csproj", "{E5E5D2A5-DCB6-4B81-AB7D-7B69C51461B9}"
EndProject
Project("{FAE04EC0-301F-11D3-BF4B-00C04F79EFBC}") = "Tyuiu.BukinTK.Sprint2.Task0.V4.Lib", "Tyuiu.BukinTK.Sprint2.Task0.V4.Lib\Tyuiu.BukinTK.Sprint2.Task0.V4.Lib.csproj", "{A9B6CDFD-1557-452F-BC9E-12A2A5624BED}"
EndProject
Project("{FAE04EC0-301F-11D3-BF4B-00C04F79EFBC}") = "Tyuiu.BukinTK.Sprint2.Task0.V4.Test", "Tyuiu.BukinTK.Sprint2.Task0.V4.Test\Tyuiu.BukinTK.Sprint2.Task0.V4.Test.csproj", "{6FCDEDA9-2E8C-497B-A30F-9C3B2CF515F1}"
EndProject
Project("{2150E333-8FDC-42A3-9474-1A3956D46DE8}") = "Task1", "Task1", "{08FDA393-C866-4273-B826-D60C0A53C5C3}"
EndProject
Project("{FAE04EC0-301F-11D3-BF4B-00C04F79EFBC}") = "Tyuiu.BukinTK.Sprint2.Task1.V15", "Tyuiu.BukinTK.Sprint2.Task1.V15\Tyuiu.BukinTK.Sprint2.Task1.V15.csproj", "{BED58309-02EA-48CE-AAB9-F58242A81678}"
EndProject
Project("{FAE04EC0-301F-11D3-BF4B-00C04F79EFBC}") = "Tyuiu.BukinTK.Sprint2.Task1.V15.Lib", "Tyuiu.BukinTK.Sprint2.Task1.V15.Lib\Tyuiu.BukinTK.Sprint2.Task1.V15.Lib.csproj", "{43F29C1E-8550-4DCE-A193-9684230E6FD0}"
EndProject
Project("{FAE04EC0-301F-11D3-BF4B-00C04F79EFBC}") = "Tyuiu.BukinTK.Sprint2.Task1.V15.Test", "Tyuiu.BukinTK.Sprint2.Task1.V15.Test\Tyuiu.BukinTK.Sprint2.Task1.V15.Test.csproj", "{B91C1C3D-5E17-4B84-A4DB-4BF75DCD966C}"
EndProject
Project("{2150E333-8FDC-42A3-9474-1A3956D46DE8}") = "Task2", "Task2", "{D6257769-F041-4164-95BB-EED83121A843}"
EndProject
Project("{FAE04EC0-301F-11D3-BF4B-00C04F79EFBC}") = "Tyuiu.BukinTK.Sprint2.Task2.V16", "Tyuiu.BukinTK.Sprint2.Task2.V16\Tyuiu.BukinTK.Sprint2.Task2.V16.csproj", "{6A8C203E-1B21-47BB-AA83-13EA5794D2D5}"
EndProject
Project("{FAE04EC0-301F-11D3-BF4B-00C04F79EFBC}") = "Tyuiu.BukinTK.Sprint2.Task2.V16.Lib", "Tyuiu.BukinTK.Sprint2.Task2.V16.Lib\Tyuiu.BukinTK.Sprint2.Task2.V16.Lib.csproj", "{9D6FE2C7-10E7-4D1F-93E9-4F248F402FD0}"
EndProject
Project("{FAE04EC0-301F-11D3-BF4B-00C04F79EFBC}") = "Tyuiu.BukinTK.Sprint2.Task2.V16.Test", "Tyuiu.BukinTK.Sprint2.Task2.V16.Test\Tyuiu.BukinTK.Sprint2.Task2.V16.Test.csproj", "{ADB4444F-23CA-4561-87B9-E590422055BD}"
EndProject
Project("{2150E333-8FDC-42A3-9474-1A3956D46DE8}") = "Task3", "Task3", "{BD0D43A5-C7EA-4F56-AE76-C197CFC7562A}"
EndProject
Project("{FAE04EC0-301F-11D3-BF4B-00C04F79EFBC}") = "Tyuiu.BukinTK.Sprint2.Task3.V27", "Tyuiu.BukinTK.Sprint2.Task3.V27\Tyuiu.BukinTK.Sprint2.Task3.V27.csproj", "{289E5E73-E106-4A8C-8B16-369ABC634B1D}"
EndProject
Project("{FAE04EC0-301F-11D3-BF4B-00C04F79EFBC}") = "Tyuiu.BukinTK.Sprint2.Task3.V27.Lib", "Tyuiu.BukinTK.Sprint2.Task3.V27.Lib\Tyuiu.BukinTK.Sprint2.Task3.V27.Lib.csproj", "{E5487936-5038-41B2-B957-D77CA4739063}"
EndProject
Project("{FAE04EC0-301F-11D3-BF4B-00C04F79EFBC}") = "Tyuiu.BukinTK.Sprint2.Task3.V27.Test", "Tyuiu.BukinTK.Sprint2.Task3.V27.Test\Tyuiu.BukinTK.Sprint2.Task3.V27.Test.csproj", "{DEC6D7EF-C75B-4DBD-A67A-B63DDC5924A5}"
EndProject
Project("{2150E333-8FDC-42A3-9474-1A3956D46DE8}") = "Task4", "Task4", "{F218447D-2850-48A7-ABC2-B395291AD79C}"
EndProject
Project("{FAE04EC0-301F-11D3-BF4B-00C04F79EFBC}") = "Tyuiu.BukinTK.Sprint2.Task4.V26", "Tyuiu.BukinTK.Sprint2.Task4.V26\Tyuiu.BukinTK.Sprint2.Task4.V26.csproj", "{78F4870B-5C2E-43D9-9701-8A775A1C82B6}"
EndProject
Project("{FAE04EC0-301F-11D3-BF4B-00C04F79EFBC}") = "Tyuiu.BukinTK.Sprint2.Task4.V26.Lib", "Tyuiu.BukinTK.Sprint2.Task4.V26.Lib\Tyuiu.BukinTK.Sprint2.Task4.V26.Lib.csproj", "{3CA13824-FA2D-4691-84C9-D8D425E7E048}"
EndProject
Project("{FAE04EC0-301F-11D3-BF4B-00C04F79EFBC}") = "Tyuiu.BukinTK.Sprint2.Task4.V26.Test", "Tyuiu.BukinTK.Sprint2.Task4.V26.Test\Tyuiu.BukinTK.Sprint2.Task4.V26.Test.csproj", "{1CF745F8-75FE-4E27-B06C-9A0CA8A9140A}"
EndProject
Project("{2150E333-8FDC-42A3-9474-1A3956D46DE8}") = "Task5", "Task5", "{FAA7FA3F-FDF9-477E-9E13-CB7E9A8C4FCF}"
EndProject
Project("{FAE04EC0-301F-11D3-BF4B-00C04F79EFBC}") = "Tyuiu.BukinTK.Sprint2.Task5.V5", "Tyuiu.BukinTK.Sprint2.Task5.V5\Tyuiu.BukinTK.Sprint2.Task5.V5.csproj", "{42823943-F7CC-4D7C-B62D-F041092FD5F7}"
EndProject
Project("{FAE04EC0-301F-11D3-BF4B-00C04F79EFBC}") = "Tyuiu.BukinTK.Sprint2.Task5.V5.Lib", "Tyuiu.BukinTK.Sprint2.Task5.V5.Lib\Tyuiu.BukinTK.Sprint2.Task5.V5.Lib.csproj", "{48969FCA-133E-4CEF-913C-484270E43F15}"
EndProject
Project("{FAE04EC0-301F-11D3-BF4B-00C04F79EFBC}") = "Tyuiu.BukinTK.Sprint2.Task5.V5.Test", "Tyuiu.BukinTK.Sprint2.Task5.V5.Test\Tyuiu.BukinTK.Sprint2.Task5.V5.Test.csproj", "{02FB5B48-A683-4654-89AF-E980556831AC}"
EndProject
Global
	GlobalSection(SolutionConfigurationPlatforms) = preSolution
		Debug|Any CPU = Debug|Any CPU
		Release|Any CPU = Release|Any CPU
	EndGlobalSection
	GlobalSection(ProjectConfigurationPlatforms) = postSolution
		{E5E5D2A5-DCB6-4B81-AB7D-7B69C51461B9}.Debug|Any CPU.ActiveCfg = Debug|Any CPU
		{E5E5D2A5-DCB6-4B81-AB7D-7B69C51461B9}.Debug|Any CPU.Build.0 = Debug|Any CPU
		{E5E5D2A5-DCB6-4B81-AB7D-7B69C51461B9}.Release|Any CPU.ActiveCfg = Release|Any CPU
		{E5E5D2A5-DCB6-4B81-AB7D-7B69C51461B9}.Release|Any CPU.Build.0 = Release|Any CPU
		{A9B6CDFD-1557-452F-BC9E-12A2A5624BED}.Debug|Any CPU.ActiveCfg = Debug|Any CPU
		{A9B6CDFD-1557-452F-BC9E-12A2A5624BED}.Debug|Any CPU.Build.0 = Debug|Any CPU
		{A9B6CDFD-1557-452F-BC9E-12A2A5624BED}.Release|Any CPU.ActiveCfg = Release|Any CPU
		{A9B6CDFD-1557-452F-BC9E-12A2A5624BED}.Release|Any CPU.Build.0 = Release|Any CPU
		{6FCDEDA9-2E8C-497B-A30F-9C3B2CF515F1}.Debug|Any CPU.ActiveCfg = Debug|Any CPU
		{6FCDEDA9-2E8C-497B-A30F-9C3B2CF515F1}.Debug|Any CPU.Build.0 = Debug|Any CPU
		{6FCDEDA9-2E8C-497B-A30F-9C3B2CF515F1}.Release|Any CPU.ActiveCfg = Release|Any CPU
		{6FCDEDA9-2E8C-497B-A30F-9C3B2CF515F1}.Release|Any CPU.Build.0 = Release|Any CPU
		{BED58309-02EA-48CE-AAB9-F58242A81678}.Debug|Any CPU.ActiveCfg = Debug|Any CPU
		{BED58309-02EA-48CE-AAB9-F58242A81678}.Debug|Any CPU.Build.0 = Debug|Any CPU
		{BED58309-02EA-48CE-AAB9-F58242A81678}.Release|Any CPU.ActiveCfg = Release|Any CPU
		{BED58309-02EA-48CE-AAB9-F58242A81678}.Release|Any CPU.Build.0 = Release|Any CPU
		{43F29C1E-8550-4DCE-A193-9684230E6FD0}.Debug|Any CPU.ActiveCfg = Debug|Any CPU
		{43F29C1E-8550-4DCE-A193-9684230E6FD0}.Debug|Any CPU.Build.0 = Debug|Any CPU
		{43F29C1E-8550-4DCE-A193-9684230E6FD0}.Release|Any CPU.ActiveCfg = Release|Any CPU
		{43F29C1E-8550-4DCE-A193-9684230E6FD0}.Release|Any CPU.Build.0 = Release|Any CPU
		{B91C1C3D-5E17-4B84-A4DB-4BF75DCD966C}.Debug|Any CPU.ActiveCfg = Debug|Any CPU
		{B91C1C3D-5E17-4B84-A4DB-4BF75DCD966C}.Debug|Any CPU.Build.0 = Debug|Any CPU
		{B91C1C3D-5E17-4B84-A4DB-4BF75DCD966C}.Release|Any CPU.ActiveCfg = Release|Any CPU
		{B91C1C3D-5E17-4B84-A4DB-4BF75DCD966C}.Release|Any CPU.Build.0 = Release|Any CPU
		{6A8C203E-1B21-47BB-AA83-13EA5794D2D5}.Debug|Any CPU.ActiveCfg = Debug|Any CPU
		{6A8C203E-1B21-47BB-AA83-13EA5794D2D5}.Debug|Any CPU.Build.0 = Debug|Any CPU
		{6A8C203E-1B21-47BB-AA83-13EA5794D2D5}.Release|Any CPU.ActiveCfg = Release|Any CPU
		{6A8C203E-1B21-47BB-AA83-13EA5794D2D5}.Release|Any CPU.Build.0 = Release|Any CPU
		{9D6FE2C7-10E7-4D1F-93E9-4F248F402FD0}.Debug|Any CPU.ActiveCfg = Debug|Any CPU
		{9D6FE2C7-10E7-4D1F-93E9-4F248F402FD0}.Debug|Any CPU.Build.0 = Debug|Any CPU
		{9D6FE2C7-10E7-4D1F-93E9-4F248F402FD0}.Release|Any CPU.ActiveCfg = Release|Any CPU
		{9D6FE2C7-10E7-4D1F-93E9-4F248F402FD0}.Release|Any CPU.Build.0 = Release|Any CPU
		{ADB4444F-23CA-4561-87B9-E590422055BD}.Debug|Any CPU.ActiveCfg = Debug|Any CPU
		{ADB4444F-23CA-4561-87B9-E590422055BD}.Debug|Any CPU.Build.0 = Debug|Any CPU
		{ADB4444F-23CA-4561-87B9-E590422055BD}.Release|Any CPU.ActiveCfg = Release|Any CPU
		{ADB4444F-23CA-4561-87B9-E590422055BD}.Release|Any CPU.Build.0 = Release|Any CPU
		{289E5E73-E106-4A8C-8B16-369ABC634B1D}.Debug|Any CPU.ActiveCfg = Debug|Any CPU
		{289E5E73-E106-4A8C-8B16-369ABC634B1D}.Debug|Any CPU.Build.0 = Debug|Any CPU
		{289E5E73-E106-4A8C-8B16-369ABC634B1D}.Release|Any CPU.ActiveCfg = Release|Any CPU
		{289E5E73-E106-4A8C-8B16-369ABC634B1D}.Release|Any CPU.Build.0 = Release|Any CPU
		{E5487936-5038-41B2-B957-D77CA4739063}.Debug|Any CPU.ActiveCfg = Debug|Any CPU
		{E5487936-5038-41B2-B957-D77CA4739063}.Debug|Any CPU.Build.0 = Debug|Any CPU
		{E5487936-5038-41B2-B957-D77CA4739063}.Release|Any CPU.ActiveCfg = Release|Any CPU
		{E5487936-5038-41B2-B957-D77CA4739063}.Release|Any CPU.Build.0 = Release|Any CPU
		{DEC6D7EF-C75B-4DBD-A67A-B63DDC5924A5}.Debug|Any CPU.ActiveCfg = Debug|Any CPU
		{DEC6D7EF-C75B-4DBD-A67A-B63DDC5924A5}.Debug|Any CPU.Build.0 = Debug|Any CPU
		{DEC6D7EF-C75B-4DBD-A67A-B63DDC5924A5}.Release|Any CPU.ActiveCfg = Release|Any CPU
		{DEC6D7EF-C75B-4DBD-A67A-B63DDC5924A5}.Release|Any CPU.Build.0 = Release|Any CPU
		{78F4870B-5C2E-43D9-9701-8A775A1C82B6}.Debug|Any CPU.ActiveCfg = Debug|Any CPU
		{78F4870B-5C2E-43D9-9701-8A775A1C82B6}.Debug|Any CPU.Build.0 = Debug|Any CPU
		{78F4870B-5C2E-43D9-9701-8A775A1C82B6}.Release|Any CPU.ActiveCfg = Release|Any CPU
		{78F4870B-5C2E-43D9-9701-8A775A1C82B6}.Release|Any CPU.Build.0 = Release|Any CPU
		{3CA13824-FA2D-4691-84C9-D8D425E7E048}.Debug|Any CPU.ActiveCfg = Debug|Any CPU
		{3CA13824-FA2D-4691-84C9-D8D425E7E048}.Debug|Any CPU.Build.0 = Debug|Any CPU
		{3CA13824-FA2D-4691-84C9-D8D425E7E048}.Release|Any CPU.ActiveCfg = Release|Any CPU
		{3CA13824-FA2D-4691-84C9-D8D425E7E048}.Release|Any CPU.Build.0 = Release|Any CPU
		{1CF745F8-75FE-4E27-B06C-9A0CA8A9140A}.Debug|Any CPU.ActiveCfg = Debug|Any CPU
		{1CF745F8-75FE-4E27-B06C-9A0CA8A9140A}.Debug|Any CPU.Build.0 = Debug|Any CPU
		{1CF745F8-75FE-4E27-B06C-9A0CA8A9140A}.Release|Any CPU.ActiveCfg = Release|Any CPU
		{1CF745F8-75FE-4E27-B06C-9A0CA8A9140A}.Release|Any CPU.Build.0 = Release|Any CPU
		{42823943-F7CC-4D7C-B62D-F041092FD5F7}.Debug|Any CPU.ActiveCfg = Debug|Any CPU
		{42823943-F7CC-4D7C-B62D-F041092FD5F7}.Debug|Any CPU.Build.0 = Debug|Any CPU
		{42823943-F7CC-4D7C-B62D-F041092FD5F7}.Release|Any CPU.ActiveCfg = Release|Any CPU
		{42823943-F7CC-4D7C-B62D-F041092FD5F7}.Release|Any CPU.Build.0 = Release|Any CPU
		{48969FCA-133E-4CEF-913C-484270E43F15}.Debug|Any CPU.ActiveCfg = Debug|Any CPU
		{48969FCA-133E-4CEF-913C-484270E43F15}.Debug|Any CPU.Build.0 = Debug|Any CPU
		{48969FCA-133E-4CEF-913C-484270E43F15}.Release|Any CPU.ActiveCfg = Release|Any CPU
		{48969FCA-133E-4CEF-913C-484270E43F15}.Release|Any CPU.Build.0 = Release|Any CPU
		{02FB5B48-A683-4654-89AF-E980556831AC}.Debug|Any CPU.ActiveCfg = Debug|Any CPU
		{02FB5B48-A683-4654-89AF-E980556831AC}.Debug|Any CPU.Build.0 = Debug|Any CPU
		{02FB5B48-A683-4654-89AF-E980556831AC}.Release|Any CPU.ActiveCfg = Release|Any CPU
		{02FB5B48-A683-4654-89AF-E980556831AC}.Release|Any CPU.Build.0 = Release|Any CPU
	EndGlobalSection
	GlobalSection(SolutionProperties) = preSolution
		HideSolutionNode = FALSE
	EndGlobalSection
	GlobalSection(NestedProjects) = preSolution
		{E5E5D2A5-DCB6-4B81-AB7D-7B69C51461B9} = {02EA681E-C7D8-13C7-8484-4AC65E1B71E8}
		{A9B6CDFD-1557-452F-BC9E-12A2A5624BED} = {02EA681E-C7D8-13C7-8484-4AC65E1B71E8}
		{6FCDEDA9-2E8C-497B-A30F-9C3B2CF515F1} = {02EA681E-C7D8-13C7-8484-4AC65E1B71E8}
		{BED58309-02EA-48CE-AAB9-F58242A81678} = {08FDA393-C866-4273-B826-D60C0A53C5C3}
		{43F29C1E-8550-4DCE-A193-9684230E6FD0} = {08FDA393-C866-4273-B826-D60C0A53C5C3}
		{B91C1C3D-5E17-4B84-A4DB-4BF75DCD966C} = {08FDA393-C866-4273-B826-D60C0A53C5C3}
		{6A8C203E-1B21-47BB-AA83-13EA5794D2D5} = {D6257769-F041-4164-95BB-EED83121A843}
		{9D6FE2C7-10E7-4D1F-93E9-4F248F402FD0} = {D6257769-F041-4164-95BB-EED83121A843}
		{ADB4444F-23CA-4561-87B9-E590422055BD} = {D6257769-F041-4164-95BB-EED83121A843}
		{289E5E73-E106-4A8C-8B16-369ABC634B1D} = {BD0D43A5-C7EA-4F56-AE76-C197CFC7562A}
		{E5487936-5038-41B2-B957-D77CA4739063} = {BD0D43A5-C7EA-4F56-AE76-C197CFC7562A}
		{DEC6D7EF-C75B-4DBD-A67A-B63DDC5924A5} = {BD0D43A5-C7EA-4F56-AE76-C197CFC7562A}
		{78F4870B-5C2E-43D9-9701-8A775A1C82B6} = {F218447D-2850-48A7-ABC2-B395291AD79C}
		{3CA13824-FA2D-4691-84C9-D8D425E7E048} = {F218447D-2850-48A7-ABC2-B395291AD79C}
		{1CF745F8-75FE-4E27-B06C-9A0CA8A9140A} = {F218447D-2850-48A7-ABC2-B395291AD79C}
		{42823943-F7CC-4D7C-B62D-F041092FD5F7} = {FAA7FA3F-FDF9-477E-9E13-CB7E9A8C4FCF}
		{48969FCA-133E-4CEF-913C-484270E43F15} = {FAA7FA3F-FDF9-477E-9E13-CB7E9A8C4FCF}
		{02FB5B48-A683-4654-89AF-E980556831AC} = {FAA7FA3F-FDF9-477E-9E13-CB7E9A8C4FCF}
	EndGlobalSection
	GlobalSection(ExtensibilityGlobals) = postSolution
		SolutionGuid = {DD5E685E-173E-48BE-B1A7-87B9C6D6C854}
	EndGlobalSection
EndGlobal
