
Microsoft Visual Studio Solution File, Format Version 12.00
# Visual Studio Version 17
VisualStudioVersion = 17.14.36414.22
MinimumVisualStudioVersion = 10.0.40219.1
Project("{2150E333-8FDC-42A3-9474-1A3956D46DE8}") = "Task0", "Task0", "{02EA681E-C7D8-13C7-8484-4AC65E1B71E8}"
EndProject
Project("{FAE04EC0-301F-11D3-BF4B-00C04F79EFBC}") = "Tyuiu.BukinTK.Sprint2.Task0.V4", "Tyuiu.BukinTK.Sprint2.Task0.V4\Tyuiu.BukinTK.Sprint2.Task0.V4.csproj", "{E5E5D2A5-DCB6-4B81-AB7D-7B69C51461B9}"
EndProject
Project("{FAE04EC0-301F-11D3-BF4B-00C04F79EFBC}") = "Tyuiu.BukinTK.Sprint2.Task0.V4.Lib", "Tyuiu.BukinTK.Sprint2.Task0.V4.Lib\Tyuiu.BukinTK.Sprint2.Task0.V4.Lib.csproj", "{A9B6CDFD-1557-452F-BC9E-12A2A5624BED}"
EndProject
Project("{FAE04EC0-301F-11D3-BF4B-00C04F79EFBC}") = "Tyuiu.BukinTK.Sprint2.Task0.V4.Test", "Tyuiu.BukinTK.Sprint2.Task0.V4.Test\Tyuiu.BukinTK.Sprint2.Task0.V4.Test.csproj", "{6FCDEDA9-2E8C-497B-A30F-9C3B2CF515F1}"
EndProject
Project("{2150E333-8FDC-42A3-9474-1A3956D46DE8}") = "Task1", "Task1", "{08FDA393-C866-4273-B826-D60C0A53C5C3}"
EndProject
Project("{FAE04EC0-301F-11D3-BF4B-00C04F79EFBC}") = "Tyuiu.BukinTK.Sprint2.Task1.V15", "Tyuiu.BukinTK.Sprint2.Task1.V15\Tyuiu.BukinTK.Sprint2.Task1.V15.csproj", "{BED58309-02EA-48CE-AAB9-F58242A81678}"
EndProject
Project("{FAE04EC0-301F-11D3-BF4B-00C04F79EFBC}") = "Tyuiu.BukinTK.Sprint2.Task1.V15.Lib", "Tyuiu.BukinTK.Sprint2.Task1.V15.Lib\Tyuiu.BukinTK.Sprint2.Task1.V15.Lib.csproj", "{43F29C1E-8550-4DCE-A193-9684230E6FD0}"
EndProject
Project("{FAE04EC0-301F-11D3-BF4B-00C04F79EFBC}") = "Tyuiu.BukinTK.Sprint2.Task1.V15.Test", "Tyuiu.BukinTK.Sprint2.Task1.V15.Test\Tyuiu.BukinTK.Sprint2.Task1.V15.Test.csproj", "{B91C1C3D-5E17-4B84-A4DB-4BF75DCD966C}"
EndProject
Project("{2150E333-8FDC-42A3-9474-1A3956D46DE8}") = "Task2", "Task2", "{D6257769-F041-4164-95BB-EED83121A843}"
EndProject
Project("{FAE04EC0-301F-11D3-BF4B-00C04F79EFBC}") = "Tyuiu.BukinTK.Sprint2.Task2.V16", "Tyuiu.BukinTK.Sprint2.Task2.V16\Tyuiu.BukinTK.Sprint2.Task2.V16.csproj", "{6A8C203E-1B21-47BB-AA83-13EA5794D2D5}"
EndProject
Project("{FAE04EC0-301F-11D3-BF4B-00C04F79EFBC}") = "Tyuiu.BukinTK.Sprint2.Task2.V16.Lib", "Tyuiu.BukinTK.Sprint2.Task2.V16.Lib\Tyuiu.BukinTK.Sprint2.Task2.V16.Lib.csproj", "{9D6FE2C7-10E7-4D1F-93E9-4F248F402FD0}"
EndProject
Project("{FAE04EC0-301F-11D3-BF4B-00C04F79EFBC}") = "Tyuiu.BukinTK.Sprint2.Task2.V16.Test", "Tyuiu.BukinTK.Sprint2.Task2.V16.Test\Tyuiu.BukinTK.Sprint2.Task2.V16.Test.csproj", "{ADB4444F-23CA-4561-87B9-E590422055BD}"
EndProject
Project("{2150E333-8FDC-42A3-9474-1A3956D46DE8}") = "Task3", "Task3", "{BD0D43A5-C7EA-4F56-AE76-C197CFC7562A}"
EndProject
Project("{FAE04EC0-301F-11D3-BF4B-00C04F79EFBC}") = "Tyuiu.BukinTK.Sprint2.Task3.V27", "Tyuiu.BukinTK.Sprint2.Task3.V27\Tyuiu.BukinTK.Sprint2.Task3.V27.csproj", "{289E5E73-E106-4A8C-8B16-369ABC634B1D}"
EndProject
Project("{FAE04EC0-301F-11D3-BF4B-00C04F79EFBC}") = "Tyuiu.BukinTK.Sprint2.Task3.V27.Lib", "Tyuiu.BukinTK.Sprint2.Task3.V27.Lib\Tyuiu.BukinTK.Sprint2.Task3.V27.Lib.csproj", "{E5487936-5038-41B2-B957-D77CA4739063}"
EndProject
Project("{FAE04EC0-301F-11D3-BF4B-00C04F79EFBC}") = "Tyuiu.BukinTK.Sprint2.Task3.V27.Test", "Tyuiu.BukinTK.Sprint2.Task3.V27.Test\Tyuiu.BukinTK.Sprint2.Task3.V27.Test.csproj", "{DEC6D7EF-C75B-4DBD-A67A-B63DDC5924A5}"
EndProject
Global
	GlobalSection(SolutionConfigurationPlatforms) = preSolution
		Debug|Any CPU = Debug|Any CPU
		Release|Any CPU = Release|Any CPU
	EndGlobalSection
	GlobalSection(ProjectConfigurationPlatforms) = postSolution
		{E5E5D2A5-DCB6-4B81-AB7D-7B69C51461B9}.Debug|Any CPU.ActiveCfg = Debug|Any CPU
		{E5E5D2A5-DCB6-4B81-AB7D-7B69C51461B9}.Debug|Any CPU.Build.0 = Debug|Any CPU
		{E5E5D2A5-DCB6-4B81-AB7D-7B69C51461B9}.Release|Any CPU.ActiveCfg = Release|Any CPU
		{E5E5D2A5-DCB6-4B81-AB7D-7B69C51461B9}.Release|Any CPU.Build.0 = Release|Any CPU
		{A9B6CDFD-1557-452F-BC9E-12A2A5624BED}.Debug|Any CPU.ActiveCfg = Debug|Any CPU
		{A9B6CDFD-1557-452F-BC9E-12A2A5624BED}.Debug|Any CPU.Build.0 = Debug|Any CPU
		{A9B6CDFD-1557-452F-BC9E-12A2A5624BED}.Release|Any CPU.ActiveCfg = Release|Any CPU
		{A9B6CDFD-1557-452F-BC9E-12A2A5624BED}.Release|Any CPU.Build.0 = Release|Any CPU
		{6FCDEDA9-2E8C-497B-A30F-9C3B2CF515F1}.Debug|Any CPU.ActiveCfg = Debug|Any CPU
		{6FCDEDA9-2E8C-497B-A30F-9C3B2CF515F1}.Debug|Any CPU.Build.0 = Debug|Any CPU
		{6FCDEDA9-2E8C-497B-A30F-9C3B2CF515F1}.Release|Any CPU.ActiveCfg = Release|Any CPU
		{6FCDEDA9-2E8C-497B-A30F-9C3B2CF515F1}.Release|Any CPU.Build.0 = Release|Any CPU
		{BED58309-02EA-48CE-AAB9-F58242A81678}.Debug|Any CPU.ActiveCfg = Debug|Any CPU
		{BED58309-02EA-48CE-AAB9-F58242A81678}.Debug|Any CPU.Build.0 = Debug|Any CPU
		{BED58309-02EA-48CE-AAB9-F58242A81678}.Release|Any CPU.ActiveCfg = Release|Any CPU
		{BED58309-02EA-48CE-AAB9-F58242A81678}.Release|Any CPU.Build.0 = Release|Any CPU
		{43F29C1E-8550-4DCE-A193-9684230E6FD0}.Debug|Any CPU.ActiveCfg = Debug|Any CPU
		{43F29C1E-8550-4DCE-A193-9684230E6FD0}.Debug|Any CPU.Build.0 = Debug|Any CPU
		{43F29C1E-8550-4DCE-A193-9684230E6FD0}.Release|Any CPU.ActiveCfg = Release|Any CPU
		{43F29C1E-8550-4DCE-A193-9684230E6FD0}.Release|Any CPU.Build.0 = Release|Any CPU
		{B91C1C3D-5E17-4B84-A4DB-4BF75DCD966C}.Debug|Any CPU.ActiveCfg = Debug|Any CPU
		{B91C1C3D-5E17-4B84-A4DB-4BF75DCD966C}.Debug|Any CPU.Build.0 = Debug|Any CPU
		{B91C1C3D-5E17-4B84-A4DB-4BF75DCD966C}.Release|Any CPU.ActiveCfg = Release|Any CPU
		{B91C1C3D-5E17-4B84-A4DB-4BF75DCD966C}.Release|Any CPU.Build.0 = Release|Any CPU
		{6A8C203E-1B21-47BB-AA83-13EA5794D2D5}.Debug|Any CPU.ActiveCfg = Debug|Any CPU
		{6A8C203E-1B21-47BB-AA83-13EA5794D2D5}.Debug|Any CPU.Build.0 = Debug|Any CPU
		{6A8C203E-1B21-47BB-AA83-13EA5794D2D5}.Release|Any CPU.ActiveCfg = Release|Any CPU
		{6A8C203E-1B21-47BB-AA83-13EA5794D2D5}.Release|Any CPU.Build.0 = Release|Any CPU
		{9D6FE2C7-10E7-4D1F-93E9-4F248F402FD0}.Debug|Any CPU.ActiveCfg = Debug|Any CPU
		{9D6FE2C7-10E7-4D1F-93E9-4F248F402FD0}.Debug|Any CPU.Build.0 = Debug|Any CPU
		{9D6FE2C7-10E7-4D1F-93E9-4F248F402FD0}.Release|Any CPU.ActiveCfg = Release|Any CPU
		{9D6FE2C7-10E7-4D1F-93E9-4F248F402FD0}.Release|Any CPU.Build.0 = Release|Any CPU
		{ADB4444F-23CA-4561-87B9-E590422055BD}.Debug|Any CPU.ActiveCfg = Debug|Any CPU
		{ADB4444F-23CA-4561-87B9-E590422055BD}.Debug|Any CPU.Build.0 = Debug|Any CPU
		{ADB4444F-23CA-4561-87B9-E590422055BD}.Release|Any CPU.ActiveCfg = Release|Any CPU
		{ADB4444F-23CA-4561-87B9-E590422055BD}.Release|Any CPU.Build.0 = Release|Any CPU
		{289E5E73-E106-4A8C-8B16-369ABC634B1D}.Debug|Any CPU.ActiveCfg = Debug|Any CPU
		{289E5E73-E106-4A8C-8B16-369ABC634B1D}.Debug|Any CPU.Build.0 = Debug|Any CPU
		{289E5E73-E106-4A8C-8B16-369ABC634B1D}.Release|Any CPU.ActiveCfg = Release|Any CPU
		{289E5E73-E106-4A8C-8B16-369ABC634B1D}.Release|Any CPU.Build.0 = Release|Any CPU
		{E5487936-5038-41B2-B957-D77CA4739063}.Debug|Any CPU.ActiveCfg = Debug|Any CPU
		{E5487936-5038-41B2-B957-D77CA4739063}.Debug|Any CPU.Build.0 = Debug|Any CPU
		{E5487936-5038-41B2-B957-D77CA4739063}.Release|Any CPU.ActiveCfg = Release|Any CPU
		{E5487936-5038-41B2-B957-D77CA4739063}.Release|Any CPU.Build.0 = Release|Any CPU
		{DEC6D7EF-C75B-4DBD-A67A-B63DDC5924A5}.Debug|Any CPU.ActiveCfg = Debug|Any CPU
		{DEC6D7EF-C75B-4DBD-A67A-B63DDC5924A5}.Debug|Any CPU.Build.0 = Debug|Any CPU
		{DEC6D7EF-C75B-4DBD-A67A-B63DDC5924A5}.Release|Any CPU.ActiveCfg = Release|Any CPU
		{DEC6D7EF-C75B-4DBD-A67A-B63DDC5924A5}.Release|Any CPU.Build.0 = Release|Any CPU
	EndGlobalSection
	GlobalSection(SolutionProperties) = preSolution
		HideSolutionNode = FALSE
	EndGlobalSection
	GlobalSection(NestedProjects) = preSolution
		{E5E5D2A5-DCB6-4B81-AB7D-7B69C51461B9} = {02EA681E-C7D8-13C7-8484-4AC65E1B71E8}
		{A9B6CDFD-1557-452F-BC9E-12A2A5624BED} = {02EA681E-C7D8-13C7-8484-4AC65E1B71E8}
		{6FCDEDA9-2E8C-497B-A30F-9C3B2CF515F1} = {02EA681E-C7D8-13C7-8484-4AC65E1B71E8}
		{BED58309-02EA-48CE-AAB9-F58242A81678} = {08FDA393-C866-4273-B826-D60C0A53C5C3}
		{43F29C1E-8550-4DCE-A193-9684230E6FD0} = {08FDA393-C866-4273-B826-D60C0A53C5C3}
		{B91C1C3D-5E17-4B84-A4DB-4BF75DCD966C} = {08FDA393-C866-4273-B826-D60C0A53C5C3}
		{6A8C203E-1B21-47BB-AA83-13EA5794D2D5} = {D6257769-F041-4164-95BB-EED83121A843}
		{9D6FE2C7-10E7-4D1F-93E9-4F248F402FD0} = {D6257769-F041-4164-95BB-EED83121A843}
		{ADB4444F-23CA-4561-87B9-E590422055BD} = {D6257769-F041-4164-95BB-EED83121A843}
		{289E5E73-E106-4A8C-8B16-369ABC634B1D} = {BD0D43A5-C7EA-4F56-AE76-C197CFC7562A}
		{E5487936-5038-41B2-B957-D77CA4739063} = {BD0D43A5-C7EA-4F56-AE76-C197CFC7562A}
		{DEC6D7EF-C75B-4DBD-A67A-B63DDC5924A5} = {BD0D43A5-C7EA-4F56-AE76-C197CFC7562A}
	EndGlobalSection
	GlobalSection(ExtensibilityGlobals) = postSolution
		SolutionGuid = {DD5E685E-173E-48BE-B1A7-87B9C6D6C854}
	EndGlobalSection
EndGlobal
